
Microsoft Visual Studio Solution File, Format Version 12.00
# Visual Studio Version 17
VisualStudioVersion = 17.1.32421.90
MinimumVisualStudioVersion = 10.0.40219.1
Project("{FAE04EC0-301F-11D3-BF4B-00C04F79EFBC}") = "VoiceRecorder", "VoiceRecorder\VoiceRecorder.csproj", "{59D73F71-F5CB-4EAE-935C-EAA03C23993D}"
EndProject
Project("{2150E333-8FDC-42A3-9474-1A3956D46DE8}") = "Solution Items", "Solution Items", "{1F256D01-09E8-4CEA-8AE7-61AB48C5DB4D}"
EndProject
Global
	GlobalSection(SolutionConfigurationPlatforms) = preSolution
		Debug|Any CPU = Debug|Any CPU
		Release|Any CPU = Release|Any CPU
	EndGlobalSection
	GlobalSection(ProjectConfigurationPlatforms) = postSolution
		{59D73F71-F5CB-4EAE-935C-EAA03C23993D}.Debug|Any CPU.ActiveCfg = Debug|Any CPU
		{59D73F71-F5CB-4EAE-935C-EAA03C23993D}.Debug|Any CPU.Build.0 = Debug|Any CPU
		{59D73F71-F5CB-4EAE-935C-EAA03C23993D}.Release|Any CPU.ActiveCfg = Release|Any CPU
		{59D73F71-F5CB-4EAE-935C-EAA03C23993D}.Release|Any CPU.Build.0 = Release|Any CPU
	EndGlobalSection
	GlobalSection(SolutionProperties) = preSolution
		HideSolutionNode = FALSE
	EndGlobalSection
	GlobalSection(ExtensibilityGlobals) = postSolution
		SolutionGuid = {1DA6E0AE-F583-4589-93B2-BAFC0E6E0E6D}
	EndGlobalSection
EndGlobal
